
Microsoft Visual Studio Solution File, Format Version 12.00
# Visual Studio 15
VisualStudioVersion = 15.0.27703.2035
MinimumVisualStudioVersion = 10.0.40219.1
Project("{F184B08F-C81C-45F6-A57F-5ABD9991F28F}") = "PortForwarding", "PortForwarding\PortForwarding.vbproj", "{FE84A787-DB65-4E51-AC48-55FC713F6EA9}"
EndProject
Global
	GlobalSection(SolutionConfigurationPlatforms) = preSolution
		Debug|Any CPU = Debug|Any CPU
		Release|Any CPU = Release|Any CPU
	EndGlobalSection
	GlobalSection(ProjectConfigurationPlatforms) = postSolution
		{FE84A787-DB65-4E51-AC48-55FC713F6EA9}.Debug|Any CPU.ActiveCfg = Debug|Any CPU
		{FE84A787-DB65-4E51-AC48-55FC713F6EA9}.Debug|Any CPU.Build.0 = Debug|Any CPU
		{FE84A787-DB65-4E51-AC48-55FC713F6EA9}.Release|Any CPU.ActiveCfg = Release|Any CPU
		{FE84A787-DB65-4E51-AC48-55FC713F6EA9}.Release|Any CPU.Build.0 = Release|Any CPU
	EndGlobalSection
	GlobalSection(SolutionProperties) = preSolution
		HideSolutionNode = FALSE
	EndGlobalSection
	GlobalSection(ExtensibilityGlobals) = postSolution
		SolutionGuid = {019A8275-5734-46FA-B9FC-87A0101DC913}
	EndGlobalSection
	GlobalSection(TeamFoundationVersionControl) = preSolution
		SccNumberOfProjects = 2
		SccEnterpriseProvider = {4CA58AB2-18FA-4F8D-95D4-32DDF27D184C}
		SccTeamFoundationServer = https://sml2.visualstudio.com/
		SccLocalPath0 = .
		SccProjectUniqueName1 = PortForwarding\\PortForwarding.vbproj
		SccProjectName1 = PortForwarding
		SccLocalPath1 = PortForwarding
	EndGlobalSection
EndGlobal
